
Microsoft Visual Studio Solution File, Format Version 12.00
# Visual Studio 2015
Project("{FAE04EC0-301F-11D3-BF4B-00C04F79EFBC}") = "LDC-3D-POC.CSharp.Plugins", "LDC-3D-POC.CSharp.Plugins.csproj", "{B45C2F50-ADE3-F9F4-2CE3-DBFDCE753A0D}"
EndProject
Project("{FAE04EC0-301F-11D3-BF4B-00C04F79EFBC}") = "LDC-3D-POC.CSharp", "LDC-3D-POC.CSharp.csproj", "{34D269EB-99DF-DB84-880B-89ED5C420451}"
EndProject
Project("{FAE04EC0-301F-11D3-BF4B-00C04F79EFBC}") = "LDC-3D-POC.CSharp.Editor", "LDC-3D-POC.CSharp.Editor.csproj", "{28089691-35E5-1F5F-AD53-47D2F7306A3A}"
EndProject
Global
	GlobalSection(SolutionConfigurationPlatforms) = preSolution
		Debug|Any CPU = Debug|Any CPU
		Release|Any CPU = Release|Any CPU
	EndGlobalSection
	GlobalSection(ProjectConfigurationPlatforms) = postSolution
		{B45C2F50-ADE3-F9F4-2CE3-DBFDCE753A0D}.Debug|Any CPU.ActiveCfg = Debug|Any CPU
		{B45C2F50-ADE3-F9F4-2CE3-DBFDCE753A0D}.Debug|Any CPU.Build.0 = Debug|Any CPU
		{B45C2F50-ADE3-F9F4-2CE3-DBFDCE753A0D}.Release|Any CPU.ActiveCfg = Release|Any CPU
		{B45C2F50-ADE3-F9F4-2CE3-DBFDCE753A0D}.Release|Any CPU.Build.0 = Release|Any CPU
		{34D269EB-99DF-DB84-880B-89ED5C420451}.Debug|Any CPU.ActiveCfg = Debug|Any CPU
		{34D269EB-99DF-DB84-880B-89ED5C420451}.Debug|Any CPU.Build.0 = Debug|Any CPU
		{34D269EB-99DF-DB84-880B-89ED5C420451}.Release|Any CPU.ActiveCfg = Release|Any CPU
		{34D269EB-99DF-DB84-880B-89ED5C420451}.Release|Any CPU.Build.0 = Release|Any CPU
		{28089691-35E5-1F5F-AD53-47D2F7306A3A}.Debug|Any CPU.ActiveCfg = Debug|Any CPU
		{28089691-35E5-1F5F-AD53-47D2F7306A3A}.Debug|Any CPU.Build.0 = Debug|Any CPU
		{28089691-35E5-1F5F-AD53-47D2F7306A3A}.Release|Any CPU.ActiveCfg = Release|Any CPU
		{28089691-35E5-1F5F-AD53-47D2F7306A3A}.Release|Any CPU.Build.0 = Release|Any CPU
	EndGlobalSection
	GlobalSection(SolutionProperties) = preSolution
		HideSolutionNode = FALSE
	EndGlobalSection
EndGlobal
